
Microsoft Visual Studio Solution File, Format Version 12.00
# Visual Studio Version 17
VisualStudioVersion = 17.9.34723.18
MinimumVisualStudioVersion = 10.0.40219.1
Project("{FAE04EC0-301F-11D3-BF4B-00C04F79EFBC}") = "csharp_4", "csharp_4\csharp_4.csproj", "{11ED9923-A731-4236-A3F4-1D13C2777A86}"
EndProject
Global
	GlobalSection(SolutionConfigurationPlatforms) = preSolution
		Debug|Any CPU = Debug|Any CPU
		Release|Any CPU = Release|Any CPU
	EndGlobalSection
	GlobalSection(ProjectConfigurationPlatforms) = postSolution
		{11ED9923-A731-4236-A3F4-1D13C2777A86}.Debug|Any CPU.ActiveCfg = Debug|Any CPU
		{11ED9923-A731-4236-A3F4-1D13C2777A86}.Debug|Any CPU.Build.0 = Debug|Any CPU
		{11ED9923-A731-4236-A3F4-1D13C2777A86}.Release|Any CPU.ActiveCfg = Release|Any CPU
		{11ED9923-A731-4236-A3F4-1D13C2777A86}.Release|Any CPU.Build.0 = Release|Any CPU
	EndGlobalSection
	GlobalSection(SolutionProperties) = preSolution
		HideSolutionNode = FALSE
	EndGlobalSection
	GlobalSection(ExtensibilityGlobals) = postSolution
		SolutionGuid = {CF99FA44-2742-4F65-94C5-8167642763BA}
	EndGlobalSection
EndGlobal
